# This file is automatically @generated by Poetry 2.2.1 and should not be changed by hand.

[[package]]
name = "colorama"
version = "0.4.6"
description = "Cross-platform colored terminal text."
optional = false
python-versions = "!=3.0.*,!=3.1.*,!=3.2.*,!=3.3.*,!=3.4.*,!=3.5.*,!=3.6.*,>=2.7"
groups = ["dev"]
markers = "sys_platform == \"win32\""
files = [
    {file = "colorama-0.4.6-py2.py3-none-any.whl", hash = "sha256:4f1d9991f5acc0ca119f9d443620b77f9d6b33703e51011c16baf57afb285fc6"},
    {file = "colorama-0.4.6.tar.gz", hash = "sha256:08695f5cb7ed6e0531a20572697297273c47b8cae5a63ffc6d6ed5c201be6e44"},
]

[[package]]
name = "coverage"
version = "7.10.6"
description = "Code coverage measurement for Python"
optional = false
python-versions = ">=3.9"
groups = ["dev"]
files = [
    {file = "coverage-7.10.6-cp310-cp310-macosx_10_9_x86_64.whl", hash = "sha256:70e7bfbd57126b5554aa482691145f798d7df77489a177a6bef80de78860a356"},
    {file = "coverage-7.10.6-cp310-cp310-macosx_11_0_arm64.whl", hash = "sha256:e41be6f0f19da64af13403e52f2dec38bbc2937af54df8ecef10850ff8d35301"},
    {file = "coverage-7.10.6-cp310-cp310-manylinux1_i686.manylinux_2_28_i686.manylinux_2_5_i686.whl", hash = "sha256:c61fc91ab80b23f5fddbee342d19662f3d3328173229caded831aa0bd7595460"},
    {file = "coverage-7.10.6-cp310-cp310-manylinux1_x86_64.manylinux_2_28_x86_64.manylinux_2_5_x86_64.whl", hash = "sha256:10356fdd33a7cc06e8051413140bbdc6f972137508a3572e3f59f805cd2832fd"},
    {file = "coverage-7.10.6-cp310-cp310-manylinux2014_aarch64.manylinux_2_17_aarch64.manylinux_2_28_aarch64.whl", hash = "sha256:80b1695cf7c5ebe7b44bf2521221b9bb8cdf69b1f24231149a7e3eb1ae5fa2fb"},
    {file = "coverage-7.10.6-cp310-cp310-musllinux_1_2_aarch64.whl", hash = "sha256:2e4c33e6378b9d52d3454bd08847a8651f4ed23ddbb4a0520227bd346382bbc6"},
    {file = "coverage-7.10.6-cp310-cp310-musllinux_1_2_i686.whl", hash = "sha256:c8a3ec16e34ef980a46f60dc6ad86ec60f763c3f2fa0db6d261e6e754f72e945"},
    {file = "coverage-7.10.6-cp310-cp310-musllinux_1_2_x86_64.whl", hash = "sha256:7d79dabc0a56f5af990cc6da9ad1e40766e82773c075f09cc571e2076fef882e"},
    {file = "coverage-7.10.6-cp310-cp310-win32.whl", hash = "sha256:86b9b59f2b16e981906e9d6383eb6446d5b46c278460ae2c36487667717eccf1"},
    {file = "coverage-7.10.6-cp310-cp310-win_amd64.whl", hash = "sha256:e132b9152749bd33534e5bd8565c7576f135f157b4029b975e15ee184325f528"},
    {file = "coverage-7.10.6-cp311-cp311-macosx_10_9_x86_64.whl", hash = "sha256:c706db3cabb7ceef779de68270150665e710b46d56372455cd741184f3868d8f"},
    {file = "coverage-7.10.6-cp311-cp311-macosx_11_0_arm64.whl", hash = "sha256:8e0c38dc289e0508ef68ec95834cb5d2e96fdbe792eaccaa1bccac3966bbadcc"},
    {file = "coverage-7.10.6-cp311-cp311-manylinux1_i686.manylinux_2_28_i686.manylinux_2_5_i686.whl", hash = "sha256:752a3005a1ded28f2f3a6e8787e24f28d6abe176ca64677bcd8d53d6fe2ec08a"},
    {file = "coverage-7.10.6-cp311-cp311-manylinux1_x86_64.manylinux_2_28_x86_64.manylinux_2_5_x86_64.whl", hash = "sha256:689920ecfd60f992cafca4f5477d55720466ad2c7fa29bb56ac8d44a1ac2b47a"},
    {file = "coverage-7.10.6-cp311-cp311-manylinux2014_aarch64.manylinux_2_17_aarch64.manylinux_2_28_aarch64.whl", hash = "sha256:ec98435796d2624d6905820a42f82149ee9fc4f2d45c2c5bc5a44481cc50db62"},
    {file = "coverage-7.10.6-cp311-cp311-musllinux_1_2_aarch64.whl", hash = "sha256:b37201ce4a458c7a758ecc4efa92fa8ed783c66e0fa3c42ae19fc454a0792153"},
    {file = "coverage-7.10.6-cp311-cp311-musllinux_1_2_i686.whl", hash = "sha256:2904271c80898663c810a6b067920a61dd8d38341244a3605bd31ab55250dad5"},
    {file = "coverage-7.10.6-cp311-cp311-musllinux_1_2_x86_64.whl", hash = "sha256:5aea98383463d6e1fa4e95416d8de66f2d0cb588774ee20ae1b28df826bcb619"},
    {file = "coverage-7.10.6-cp311-cp311-win32.whl", hash = "sha256:e3fb1fa01d3598002777dd259c0c2e6d9d5e10e7222976fc8e03992f972a2cba"},
    {file = "coverage-7.10.6-cp311-cp311-win_amd64.whl", hash = "sha256:f35ed9d945bece26553d5b4c8630453169672bea0050a564456eb88bdffd927e"},
    {file = "coverage-7.10.6-cp311-cp311-win_arm64.whl", hash = "sha256:99e1a305c7765631d74b98bf7dbf54eeea931f975e80f115437d23848ee8c27c"},
    {file = "coverage-7.10.6-cp312-cp312-macosx_10_13_x86_64.whl", hash = "sha256:5b2dd6059938063a2c9fee1af729d4f2af28fd1a545e9b7652861f0d752ebcea"},
    {file = "coverage-7.10.6-cp312-cp312-macosx_11_0_arm64.whl", hash = "sha256:388d80e56191bf846c485c14ae2bc8898aa3124d9d35903fef7d907780477634"},
    {file = "coverage-7.10.6-cp312-cp312-manylinux1_i686.manylinux_2_28_i686.manylinux_2_5_i686.whl", hash = "sha256:90cb5b1a4670662719591aa92d0095bb41714970c0b065b02a2610172dbf0af6"},
    {file = "coverage-7.10.6-cp312-cp312-manylinux1_x86_64.manylinux_2_28_x86_64.manylinux_2_5_x86_64.whl", hash = "sha256:961834e2f2b863a0e14260a9a273aff07ff7818ab6e66d2addf5628590c628f9"},
    {file = "coverage-7.10.6-cp312-cp312-manylinux2014_aarch64.manylinux_2_17_aarch64.manylinux_2_28_aarch64.whl", hash = "sha256:bf9a19f5012dab774628491659646335b1928cfc931bf8d97b0d5918dd58033c"},
    {file = "coverage-7.10.6-cp312-cp312-musllinux_1_2_aarch64.whl", hash = "sha256:99c4283e2a0e147b9c9cc6bc9c96124de9419d6044837e9799763a0e29a7321a"},
    {file = "coverage-7.10.6-cp312-cp312-musllinux_1_2_i686.whl", hash = "sha256:282b1b20f45df57cc508c1e033403f02283adfb67d4c9c35a90281d81e5c52c5"},
    {file = "coverage-7.10.6-cp312-cp312-musllinux_1_2_x86_64.whl", hash = "sha256:8cdbe264f11afd69841bd8c0d83ca10b5b32853263ee62e6ac6a0ab63895f972"},
    {file = "coverage-7.10.6-cp312-cp312-win32.whl", hash = "sha256:a517feaf3a0a3eca1ee985d8373135cfdedfbba3882a5eab4362bda7c7cf518d"},
    {file = "coverage-7.10.6-cp312-cp312-win_amd64.whl", hash = "sha256:856986eadf41f52b214176d894a7de05331117f6035a28ac0016c0f63d887629"},
    {file = "coverage-7.10.6-cp312-cp312-win_arm64.whl", hash = "sha256:acf36b8268785aad739443fa2780c16260ee3fa09d12b3a70f772ef100939d80"},
    {file = "coverage-7.10.6-cp313-cp313-macosx_10_13_x86_64.whl", hash = "sha256:ffea0575345e9ee0144dfe5701aa17f3ba546f8c3bb48db62ae101afb740e7d6"},
    {file = "coverage-7.10.6-cp313-cp313-macosx_11_0_arm64.whl", hash = "sha256:95d91d7317cde40a1c249d6b7382750b7e6d86fad9d8eaf4fa3f8f44cf171e80"},
    {file = "coverage-7.10.6-cp313-cp313-manylinux1_i686.manylinux_2_28_i686.manylinux_2_5_i686.whl", hash = "sha256:3e23dd5408fe71a356b41baa82892772a4cefcf758f2ca3383d2aa39e1b7a003"},
    {file = "coverage-7.10.6-cp313-cp313-manylinux1_x86_64.manylinux_2_28_x86_64.manylinux_2_5_x86_64.whl", hash = "sha256:0f3f56e4cb573755e96a16501a98bf211f100463d70275759e73f3cbc00d4f27"},
    {file = "coverage-7.10.6-cp313-cp313-manylinux2014_aarch64.manylinux_2_17_aarch64.manylinux_2_28_aarch64.whl", hash = "sha256:db4a1d897bbbe7339946ffa2fe60c10cc81c43fab8b062d3fcb84188688174a4"},
    {file = "coverage-7.10.6-cp313-cp313-musllinux_1_2_aarch64.whl", hash = "sha256:d8fd7879082953c156d5b13c74aa6cca37f6a6f4747b39538504c3f9c63d043d"},
    {file = "coverage-7.10.6-cp313-cp313-musllinux_1_2_i686.whl", hash = "sha256:28395ca3f71cd103b8c116333fa9db867f3a3e1ad6a084aa3725ae002b6583bc"},
    {file = "coverage-7.10.6-cp313-cp313-musllinux_1_2_x86_64.whl", hash = "sha256:61c950fc33d29c91b9e18540e1aed7d9f6787cc870a3e4032493bbbe641d12fc"},
    {file = "coverage-7.10.6-cp313-cp313-win32.whl", hash = "sha256:160c00a5e6b6bdf4e5984b0ef21fc860bc94416c41b7df4d63f536d17c38902e"},
    {file = "coverage-7.10.6-cp313-cp313-win_amd64.whl", hash = "sha256:628055297f3e2aa181464c3808402887643405573eb3d9de060d81531fa79d32"},
    {file = "coverage-7.10.6-cp313-cp313-win_arm64.whl", hash = "sha256:df4ec1f8540b0bcbe26ca7dd0f541847cc8a108b35596f9f91f59f0c060bfdd2"},
    {file = "coverage-7.10.6-cp313-cp313t-macosx_10_13_x86_64.whl", hash = "sha256:c9a8b7a34a4de3ed987f636f71881cd3b8339f61118b1aa311fbda12741bff0b"},
    {file = "coverage-7.10.6-cp313-cp313t-macosx_11_0_arm64.whl", hash = "sha256:8dd5af36092430c2b075cee966719898f2ae87b636cefb85a653f1d0ba5d5393"},
    {file = "coverage-7.10.6-cp313-cp313t-manylinux1_i686.manylinux_2_28_i686.manylinux_2_5_i686.whl", hash = "sha256:b0353b0f0850d49ada66fdd7d0c7cdb0f86b900bb9e367024fd14a60cecc1e27"},
    {file = "coverage-7.10.6-cp313-cp313t-manylinux1_x86_64.manylinux_2_28_x86_64.manylinux_2_5_x86_64.whl", hash = "sha256:d6b9ae13d5d3e8aeca9ca94198aa7b3ebbc5acfada557d724f2a1f03d2c0b0df"},
    {file = "coverage-7.10.6-cp313-cp313t-manylinux2014_aarch64.manylinux_2_17_aarch64.manylinux_2_28_aarch64.whl", hash = "sha256:675824a363cc05781b1527b39dc2587b8984965834a748177ee3c37b64ffeafb"},
    {file = "coverage-7.10.6-cp313-cp313t-musllinux_1_2_aarch64.whl", hash = "sha256:692d70ea725f471a547c305f0d0fc6a73480c62fb0da726370c088ab21aed282"},
    {file = "coverage-7.10.6-cp313-cp313t-musllinux_1_2_i686.whl", hash = "sha256:851430a9a361c7a8484a36126d1d0ff8d529d97385eacc8dfdc9bfc8c2d2cbe4"},
    {file = "coverage-7.10.6-cp313-cp313t-musllinux_1_2_x86_64.whl", hash = "sha256:d9369a23186d189b2fc95cc08b8160ba242057e887d766864f7adf3c46b2df21"},
    {file = "coverage-7.10.6-cp313-cp313t-win32.whl", hash = "sha256:92be86fcb125e9bda0da7806afd29a3fd33fdf58fba5d60318399adf40bf37d0"},
    {file = "coverage-7.10.6-cp313-cp313t-win_amd64.whl", hash = "sha256:6b3039e2ca459a70c79523d39347d83b73f2f06af5624905eba7ec34d64d80b5"},
    {file = "coverage-7.10.6-cp313-cp313t-win_arm64.whl", hash = "sha256:3fb99d0786fe17b228eab663d16bee2288e8724d26a199c29325aac4b0319b9b"},
    {file = "coverage-7.10.6-cp314-cp314-macosx_10_13_x86_64.whl", hash = "sha256:6008a021907be8c4c02f37cdc3ffb258493bdebfeaf9a839f9e71dfdc47b018e"},
    {file = "coverage-7.10.6-cp314-cp314-macosx_11_0_arm64.whl", hash = "sha256:5e75e37f23eb144e78940b40395b42f2321951206a4f50e23cfd6e8a198d3ceb"},
    {file = "coverage-7.10.6-cp314-cp314-manylinux1_i686.manylinux_2_28_i686.manylinux_2_5_i686.whl", hash = "sha256:0f7cb359a448e043c576f0da00aa8bfd796a01b06aa610ca453d4dde09cc1034"},
    {file = "coverage-7.10.6-cp314-cp314-manylinux1_x86_64.manylinux_2_28_x86_64.manylinux_2_5_x86_64.whl", hash = "sha256:c68018e4fc4e14b5668f1353b41ccf4bc83ba355f0e1b3836861c6f042d89ac1"},
    {file = "coverage-7.10.6-cp314-cp314-manylinux2014_aarch64.manylinux_2_17_aarch64.manylinux_2_28_aarch64.whl", hash = "sha256:cd4b2b0707fc55afa160cd5fc33b27ccbf75ca11d81f4ec9863d5793fc6df56a"},
    {file = "coverage-7.10.6-cp314-cp314-musllinux_1_2_aarch64.whl", hash = "sha256:4cec13817a651f8804a86e4f79d815b3b28472c910e099e4d5a0e8a3b6a1d4cb"},
    {file = "coverage-7.10.6-cp314-cp314-musllinux_1_2_i686.whl", hash = "sha256:f2a6a8e06bbda06f78739f40bfb56c45d14eb8249d0f0ea6d4b3d48e1f7c695d"},
    {file = "coverage-7.10.6-cp314-cp314-musllinux_1_2_x86_64.whl", hash = "sha256:081b98395ced0d9bcf60ada7661a0b75f36b78b9d7e39ea0790bb4ed8da14747"},
    {file = "coverage-7.10.6-cp314-cp314-win32.whl", hash = "sha256:6937347c5d7d069ee776b2bf4e1212f912a9f1f141a429c475e6089462fcecc5"},
    {file = "coverage-7.10.6-cp314-cp314-win_amd64.whl", hash = "sha256:adec1d980fa07e60b6ef865f9e5410ba760e4e1d26f60f7e5772c73b9a5b0713"},
    {file = "coverage-7.10.6-cp314-cp314-win_arm64.whl", hash = "sha256:a80f7aef9535442bdcf562e5a0d5a5538ce8abe6bb209cfbf170c462ac2c2a32"},
    {file = "coverage-7.10.6-cp314-cp314t-macosx_10_13_x86_64.whl", hash = "sha256:0de434f4fbbe5af4fa7989521c655c8c779afb61c53ab561b64dcee6149e4c65"},
    {file = "coverage-7.10.6-cp314-cp314t-macosx_11_0_arm64.whl", hash = "sha256:6e31b8155150c57e5ac43ccd289d079eb3f825187d7c66e755a055d2c85794c6"},
    {file = "coverage-7.10.6-cp314-cp314t-manylinux1_i686.manylinux_2_28_i686.manylinux_2_5_i686.whl", hash = "sha256:98cede73eb83c31e2118ae8d379c12e3e42736903a8afcca92a7218e1f2903b0"},
    {file = "coverage-7.10.6-cp314-cp314t-manylinux1_x86_64.manylinux_2_28_x86_64.manylinux_2_5_x86_64.whl", hash = "sha256:f863c08f4ff6b64fa8045b1e3da480f5374779ef187f07b82e0538c68cb4ff8e"},
    {file = "coverage-7.10.6-cp314-cp314t-manylinux2014_aarch64.manylinux_2_17_aarch64.manylinux_2_28_aarch64.whl", hash = "sha256:2b38261034fda87be356f2c3f42221fdb4171c3ce7658066ae449241485390d5"},
    {file = "coverage-7.10.6-cp314-cp314t-musllinux_1_2_aarch64.whl", hash = "sha256:0e93b1476b79eae849dc3872faeb0bf7948fd9ea34869590bc16a2a00b9c82a7"},
    {file = "coverage-7.10.6-cp314-cp314t-musllinux_1_2_i686.whl", hash = "sha256:ff8a991f70f4c0cf53088abf1e3886edcc87d53004c7bb94e78650b4d3dac3b5"},
    {file = "coverage-7.10.6-cp314-cp314t-musllinux_1_2_x86_64.whl", hash = "sha256:ac765b026c9f33044419cbba1da913cfb82cca1b60598ac1c7a5ed6aac4621a0"},
    {file = "coverage-7.10.6-cp314-cp314t-win32.whl", hash = "sha256:441c357d55f4936875636ef2cfb3bee36e466dcf50df9afbd398ce79dba1ebb7"},
    {file = "coverage-7.10.6-cp314-cp314t-win_amd64.whl", hash = "sha256:073711de3181b2e204e4870ac83a7c4853115b42e9cd4d145f2231e12d670930"},
    {file = "coverage-7.10.6-cp314-cp314t-win_arm64.whl", hash = "sha256:137921f2bac5559334ba66122b753db6dc5d1cf01eb7b64eb412bb0d064ef35b"},
    {file = "coverage-7.10.6-cp39-cp39-macosx_10_9_x86_64.whl", hash = "sha256:90558c35af64971d65fbd935c32010f9a2f52776103a259f1dee865fe8259352"},
    {file = "coverage-7.10.6-cp39-cp39-macosx_11_0_arm64.whl", hash = "sha256:8953746d371e5695405806c46d705a3cd170b9cc2b9f93953ad838f6c1e58612"},
    {file = "coverage-7.10.6-cp39-cp39-manylinux1_i686.manylinux_2_28_i686.manylinux_2_5_i686.whl", hash = "sha256:c83f6afb480eae0313114297d29d7c295670a41c11b274e6bca0c64540c1ce7b"},
    {file = "coverage-7.10.6-cp39-cp39-manylinux1_x86_64.manylinux_2_28_x86_64.manylinux_2_5_x86_64.whl", hash = "sha256:7eb68d356ba0cc158ca535ce1381dbf2037fa8cb5b1ae5ddfc302e7317d04144"},
    {file = "coverage-7.10.6-cp39-cp39-manylinux2014_aarch64.manylinux_2_17_aarch64.manylinux_2_28_aarch64.whl", hash = "sha256:5b15a87265e96307482746d86995f4bff282f14b027db75469c446da6127433b"},
    {file = "coverage-7.10.6-cp39-cp39-musllinux_1_2_aarch64.whl", hash = "sha256:fc53ba868875bfbb66ee447d64d6413c2db91fddcfca57025a0e7ab5b07d5862"},
    {file = "coverage-7.10.6-cp39-cp39-musllinux_1_2_i686.whl", hash = "sha256:efeda443000aa23f276f4df973cb82beca682fd800bb119d19e80504ffe53ec2"},
    {file = "coverage-7.10.6-cp39-cp39-musllinux_1_2_x86_64.whl", hash = "sha256:9702b59d582ff1e184945d8b501ffdd08d2cee38d93a2206aa5f1365ce0b8d78"},
    {file = "coverage-7.10.6-cp39-cp39-win32.whl", hash = "sha256:2195f8e16ba1a44651ca684db2ea2b2d4b5345da12f07d9c22a395202a05b23c"},
    {file = "coverage-7.10.6-cp39-cp39-win_amd64.whl", hash = "sha256:f32ff80e7ef6a5b5b606ea69a36e97b219cd9dc799bcf2963018a4d8f788cfbf"},
    {file = "coverage-7.10.6-py3-none-any.whl", hash = "sha256:92c4ecf6bf11b2e85fd4d8204814dc26e6a19f0c9d938c207c5cb0eadfcabbe3"},
    {file = "coverage-7.10.6.tar.gz", hash = "sha256:f644a3ae5933a552a29dbb9aa2f90c677a875f80ebea028e5a52a4f429044b90"},
]

[package.dependencies]
tomli = {version = "*", optional = true, markers = "python_full_version <= \"3.11.0a6\" and extra == \"toml\""}

[package.extras]
toml = ["tomli ; python_full_version <= \"3.11.0a6\""]

[[package]]
name = "cython"
version = "3.1.6"
description = "The Cython compiler for writing C extensions in the Python language."
optional = false
python-versions = ">=3.8"
groups = ["test"]
files = [
    {file = "cython-3.1.6-cp310-cp310-macosx_10_9_x86_64.whl", hash = "sha256:c4027b4d1bf7781fdfb2dbe1c1d81ccac9b910831511747e2c9fc8452fb3ea6b"},
    {file = "cython-3.1.6-cp310-cp310-macosx_11_0_arm64.whl", hash = "sha256:141dea9df09f9c711af3b95510bd417c58b2abd33676eef1cb61f25581f7090a"},
    {file = "cython-3.1.6-cp310-cp310-manylinux1_i686.manylinux_2_28_i686.manylinux_2_5_i686.whl", hash = "sha256:486376a988268408b7e8ea7b4cccffb914aa497c498b41589fb4a862ba47e050"},
    {file = "cython-3.1.6-cp310-cp310-manylinux2014_aarch64.manylinux_2_17_aarch64.manylinux_2_28_aarch64.whl", hash = "sha256:bdc6e63a04ead11812752a5198b85b7fc079688c76712348d072403f18fdeb49"},
    {file = "cython-3.1.6-cp310-cp310-manylinux2014_x86_64.manylinux_2_17_x86_64.manylinux_2_28_x86_64.whl", hash = "sha256:47e79f0bfbf403a5d6008bc9e7214e81e647794ca95cae6716399ba21abcc706"},
    {file = "cython-3.1.6-cp310-cp310-musllinux_1_2_aarch64.whl", hash = "sha256:2379f729f1d5a445adb4621f279f7c23aeb6245f036f96cce14b5b2fd1f5ff0a"},
    {file = "cython-3.1.6-cp310-cp310-musllinux_1_2_i686.whl", hash = "sha256:1089e18d938b6e742f077e398d52e1701080213c4f203755afde6f1b33d9e051"},
    {file = "cython-3.1.6-cp310-cp310-musllinux_1_2_x86_64.whl", hash = "sha256:73576246abbc62397db85cbdde74d2e5d73dabfdb7e593fdbb3671275ffb50ce"},
    {file = "cython-3.1.6-cp310-cp310-win32.whl", hash = "sha256:f48eae3275b3352ba7eb550fc5321b0fb1ba8d916fa9985fb2f02ce42ae69ddd"},
    {file = "cython-3.1.6-cp310-cp310-win_amd64.whl", hash = "sha256:4066908ee24a18572880966de1d0865d178f5ab9828a9249faa97e1ffdfbed9f"},
    {file = "cython-3.1.6-cp311-cp311-macosx_10_9_x86_64.whl", hash = "sha256:5a1aedd8990f470d108b76ca768d9f1766d6610cf2546b73075dbe1e523daebe"},
    {file = "cython-3.1.6-cp311-cp311-macosx_11_0_arm64.whl", hash = "sha256:f75c33e83e224737b1a68b2868bc08bddaabc6f04aef74864ff6069fe2e68341"},
    {file = "cython-3.1.6-cp311-cp311-manylinux1_i686.manylinux_2_28_i686.manylinux_2_5_i686.whl", hash = "sha256:91b8fb3e961b3344bf257b851f2ce679727f44857fec94d643bcc458601dab54"},
    {file = "cython-3.1.6-cp311-cp311-manylinux2014_aarch64.manylinux_2_17_aarch64.manylinux_2_28_aarch64.whl", hash = "sha256:1cfeb04d43464f5ff8398b499ba46c6eef22093da0e74b25f972576e768880e7"},
    {file = "cython-3.1.6-cp311-cp311-manylinux2014_x86_64.manylinux_2_17_x86_64.manylinux_2_28_x86_64.whl", hash = "sha256:f32366c198ac663a540ff4fa6ed55801d113183616c51100f4cc533568d2c4cf"},
    {file = "cython-3.1.6-cp311-cp311-musllinux_1_2_aarch64.whl", hash = "sha256:9856e8cd7f7a95a3f10a8f15fef4d17e5a4a57fb5185fe3482cec4adb0536635"},
    {file = "cython-3.1.6-cp311-cp311-musllinux_1_2_i686.whl", hash = "sha256:6966f4d4ee13eceade2d952dc63bdf313f413c0c3f165aef0d6f62e6f27dab02"},
    {file = "cython-3.1.6-cp311-cp311-musllinux_1_2_x86_64.whl", hash = "sha256:dffb14bc986626be50003f4edc614a2c0a56cbaaf87259f6c763a6d21da14921"},
    {file = "cython-3.1.6-cp311-cp311-win32.whl", hash = "sha256:cde4748d37483b6c91df9f4327768e2828b1e374cb61bcee06d618958de59b7b"},
    {file = "cython-3.1.6-cp311-cp311-win_amd64.whl", hash = "sha256:29d6141b0c9697dfcaf5940eceb06353bec76f51f0579658964c0d29418000df"},
    {file = "cython-3.1.6-cp312-cp312-macosx_10_13_x86_64.whl", hash = "sha256:0d2c32e8f6c65854e8203b381ff7ab540820763756b7c326e2c8dc18c9bbb44e"},
    {file = "cython-3.1.6-cp312-cp312-macosx_11_0_arm64.whl", hash = "sha256:be24fcde7300a81712af279467ebc79baafc8483eb4dfa4daebf8ee90a826d39"},
    {file = "cython-3.1.6-cp312-cp312-manylinux1_i686.manylinux_2_28_i686.manylinux_2_5_i686.whl", hash = "sha256:5012025af433bd7188fe1f7705df1c4a67e7add80c71658f6c6bc35ea876cc68"},
    {file = "cython-3.1.6-cp312-cp312-manylinux2014_aarch64.manylinux_2_17_aarch64.manylinux_2_28_aarch64.whl", hash = "sha256:3b3520e2d4484f927c3ec00d32ffda75ec72cfd6a2ee07adac721cce339fa26f"},
    {file = "cython-3.1.6-cp312-cp312-manylinux2014_x86_64.manylinux_2_17_x86_64.manylinux_2_28_x86_64.whl", hash = "sha256:c8a01d241d775319bcd7adb4144b070e1c4b01cdf841a62032492f07fad9efdc"},
    {file = "cython-3.1.6-cp312-cp312-musllinux_1_2_aarch64.whl", hash = "sha256:fd88799fa7bb177182423e0745c9197c50938c6839ebfbe6fd01539582ed488e"},
    {file = "cython-3.1.6-cp312-cp312-musllinux_1_2_i686.whl", hash = "sha256:f809bae2e00b79c01ff5daf9a260df7c1bc9fda087b9d625592fa28c1a2248a9"},
    {file = "cython-3.1.6-cp312-cp312-musllinux_1_2_x86_64.whl", hash = "sha256:6f657e7a4b2242d159de603f280928d8e458dfba48144714774ad76c08f5a530"},
    {file = "cython-3.1.6-cp312-cp312-win32.whl", hash = "sha256:6502f3e58db0ab3e2c983bec2c8c9e45d602e2c7ff921a5a8515b0008d918102"},
    {file = "cython-3.1.6-cp312-cp312-win_amd64.whl", hash = "sha256:71d099d8d6094c5de63a32e67b29964565aed889a218e8d16a94083f4239b904"},
    {file = "cython-3.1.6-cp313-cp313-macosx_10_13_x86_64.whl", hash = "sha256:14f0d6b9f803eacf48e9e80ea12a03f54e5f5ac48914341b0a6b81554b3b3154"},
    {file = "cython-3.1.6-cp313-cp313-macosx_11_0_arm64.whl", hash = "sha256:ec79615d0e29fa29fd4283bc7a2ed9c3d00532086a0031532d64b724db8c3e8e"},
    {file = "cython-3.1.6-cp313-cp313-manylinux1_i686.manylinux_2_28_i686.manylinux_2_5_i686.whl", hash = "sha256:037d457738cf4fc12260946c6524b745f488cf413428099f2a064af7612d181f"},
    {file = "cython-3.1.6-cp313-cp313-manylinux2014_aarch64.manylinux_2_17_aarch64.manylinux_2_28_aarch64.whl", hash = "sha256:6b036cb4ed7abcbc89cc04311832b22ad386c532fdd1fe690e1364aa992a54c7"},
    {file = "cython-3.1.6-cp313-cp313-manylinux2014_x86_64.manylinux_2_17_x86_64.manylinux_2_28_x86_64.whl", hash = "sha256:e0fb2694327834c5bda7c5a07605f76437354d0ff76bb8739e77b479d176cf52"},
    {file = "cython-3.1.6-cp313-cp313-musllinux_1_2_aarch64.whl", hash = "sha256:92eb7a39e60426165a5b2a219af181e5695c4dedd598e317a7a4d9086bd66b91"},
    {file = "cython-3.1.6-cp313-cp313-musllinux_1_2_i686.whl", hash = "sha256:c475018b28f4e7111148bd02b600595090e0aac6cc49615c4586bb4e7f164a22"},
    {file = "cython-3.1.6-cp313-cp313-musllinux_1_2_x86_64.whl", hash = "sha256:b1b4bb661103cb95c6ca70daf5d39992b2d89fd260b02a54d92e365095ed37eb"},
    {file = "cython-3.1.6-cp313-cp313-win32.whl", hash = "sha256:69b1bea23b51628b8c9f14c3e0bb4c7dd5be63781bfbaa581b1c683b473c728a"},
    {file = "cython-3.1.6-cp313-cp313-win_amd64.whl", hash = "sha256:c844004712a9fe2a6f2ed4d6fe02aabb2e0e34f88c150724aad1afec7caff37a"},
    {file = "cython-3.1.6-cp314-cp314-macosx_10_15_x86_64.whl", hash = "sha256:8893619efa77fc83934c1255c619d522711a5cf5933cef0d5c2b9755e8e5fabc"},
    {file = "cython-3.1.6-cp314-cp314-macosx_11_0_arm64.whl", hash = "sha256:bb49c74220af0b098f406701f0b87876b1c7614716d39786306986b9feea774b"},
    {file = "cython-3.1.6-cp314-cp314-manylinux1_i686.manylinux_2_28_i686.manylinux_2_5_i686.whl", hash = "sha256:defbf9571fca78e8a6e21b93d35c0a491d6af77a8e6180a0146da1b3c8eb8ce6"},
    {file = "cython-3.1.6-cp314-cp314-manylinux2014_aarch64.manylinux_2_17_aarch64.manylinux_2_28_aarch64.whl", hash = "sha256:8cd7ea8c6ce0adf52d142bf37c4d54b8d0356818144a4584a24f2a0b9cdae6b8"},
    {file = "cython-3.1.6-cp314-cp314-manylinux2014_x86_64.manylinux_2_17_x86_64.manylinux_2_28_x86_64.whl", hash = "sha256:9c47fcc47553214e0a139fd33199d825c5d13970cd6c1039d2594af855ffb338"},
    {file = "cython-3.1.6-cp314-cp314-musllinux_1_2_aarch64.whl", hash = "sha256:92489385bca6d1935913540e35701a979618fdfeed4dbec6cad1be924fb487bf"},
    {file = "cython-3.1.6-cp314-cp314-musllinux_1_2_i686.whl", hash = "sha256:926a3efd9b7012cdb3df0d1886e6f0e32e0b72a5d311ac2d3f48c0716fd91c6d"},
    {file = "cython-3.1.6-cp314-cp314-musllinux_1_2_x86_64.whl", hash = "sha256:e35118eedfa0138154a43fb6b14e83703dae93193ba9940c747c170ed845cca7"},
    {file = "cython-3.1.6-cp314-cp314-win32.whl", hash = "sha256:27f2b26442737d6e080900284883e078aae0276dfd7715a49b338f1a9481f7b9"},
    {file = "cython-3.1.6-cp314-cp314-win_amd64.whl", hash = "sha256:7f75ead2a7cad5ee719427b915711c70e40a114f045b2a9b5bd983484a0b83a7"},
    {file = "cython-3.1.6-cp38-cp38-macosx_10_9_x86_64.whl", hash = "sha256:9fdc17c4b0b1b5fba32880b718b89062e001b65695939a3db27586f0b6d0199e"},
    {file = "cython-3.1.6-cp38-cp38-macosx_11_0_arm64.whl", hash = "sha256:8a1b288238f4e33dbb51cf7263582821cc57f98a78d1ede6e64fab424969503c"},
    {file = "cython-3.1.6-cp38-cp38-manylinux1_i686.manylinux_2_28_i686.manylinux_2_5_i686.whl", hash = "sha256:a0e3a2b307c6e48e1a9ad12ca487906f8783b5473157bd4563b680e85949b3bf"},
    {file = "cython-3.1.6-cp38-cp38-manylinux2014_aarch64.manylinux_2_17_aarch64.manylinux_2_28_aarch64.whl", hash = "sha256:81e6fe7eb6bb902fc86b97672f284a5c04c9c5f14e2466fb65e6ee68a27dbff7"},
    {file = "cython-3.1.6-cp38-cp38-manylinux2014_x86_64.manylinux_2_17_x86_64.manylinux_2_28_x86_64.whl", hash = "sha256:a1059d0f5b5cf654c280721e6d07b8b2dfd104b3b8336449dc41e1abf6f09392"},
    {file = "cython-3.1.6-cp38-cp38-musllinux_1_2_aarch64.whl", hash = "sha256:48e7dba361cc6ffaf90623e20a7a663bc19e9a24bcfdabbe87deef4d816abedb"},
    {file = "cython-3.1.6-cp38-cp38-musllinux_1_2_i686.whl", hash = "sha256:162d4207e79894b2094c7152192a40aa0782c9d61b4c5e6fe087a1c4c1d5eb41"},
    {file = "cython-3.1.6-cp38-cp38-musllinux_1_2_x86_64.whl", hash = "sha256:f04b5b7e594ae7a43fe17812f8ab1a3b76b69e487c338b71f0def6edaa4c851d"},
    {file = "cython-3.1.6-cp38-cp38-win32.whl", hash = "sha256:206f44565f9fbb3806c0b7cd7184944ab1e9f53a367a657dd459140fa37ef858"},
    {file = "cython-3.1.6-cp38-cp38-win_amd64.whl", hash = "sha256:ca1ae069ed8ba89343e55513f541ac06674d5888e218ec3bb08810c2dfe53024"},
    {file = "cython-3.1.6-cp39-cp39-macosx_10_9_x86_64.whl", hash = "sha256:f91791319fff49e41acee86f7933e3f2c186610898b899d3dbf209dfcffa1ccd"},
    {file = "cython-3.1.6-cp39-cp39-macosx_11_0_arm64.whl", hash = "sha256:2375531527162296fef6c2b4db6801a704a164235d6981098381a76defe1ed46"},
    {file = "cython-3.1.6-cp39-cp39-manylinux1_i686.manylinux_2_28_i686.manylinux_2_5_i686.whl", hash = "sha256:5ca38c150c486025d937cdf5c82830eea1c69d9f1ab9b34e877365f96c73a63d"},
    {file = "cython-3.1.6-cp39-cp39-manylinux2014_aarch64.manylinux_2_17_aarch64.manylinux_2_28_aarch64.whl", hash = "sha256:f8dd368ec73dbed6f3022d03a37d1ed23285b1e41f736da6f34cb8fc14892bfb"},
    {file = "cython-3.1.6-cp39-cp39-manylinux2014_x86_64.manylinux_2_17_x86_64.manylinux_2_28_x86_64.whl", hash = "sha256:c7735d1b301a99a85a20758cddd9d66a33b36c225efe9de0e17c0abd998f2f32"},
    {file = "cython-3.1.6-cp39-cp39-musllinux_1_2_aarch64.whl", hash = "sha256:6c19cbfb3adcbec754742e9fd096cdb8537e9f7dabcf376c78e02d145ec30c99"},
    {file = "cython-3.1.6-cp39-cp39-musllinux_1_2_i686.whl", hash = "sha256:958cb56acced5faf22c9ec8eace122b9ee7e591b089ee1dcf0ed1b4511122653"},
    {file = "cython-3.1.6-cp39-cp39-musllinux_1_2_x86_64.whl", hash = "sha256:07f8231e45cfedbfbd384c9bcab5c09ebead662ecf4fdf7983e3dc1625a09b13"},
    {file = "cython-3.1.6-cp39-cp39-win32.whl", hash = "sha256:0d28b3f7c580f0a59b4e46524094f7d0a231eb19f679a27bcfc3b13c0599fc88"},
    {file = "cython-3.1.6-cp39-cp39-win_amd64.whl", hash = "sha256:ea8e5e190b0aa628e0cfabd3200453fdbe8efc7ee5a7eef409c4e5a0975d9b57"},
    {file = "cython-3.1.6-py3-none-any.whl", hash = "sha256:91dcf7eb9b6a089ce4e9e1140e571d84c3bca834afb77ec269be7aa9d31a8157"},
    {file = "cython-3.1.6.tar.gz", hash = "sha256:ff4ccffcf98f30ab5723fc45a39c0548a3f6ab14f01d73930c5bfaea455ff01c"},
]

[[package]]
name = "exceptiongroup"
version = "1.2.2"
description = "Backport of PEP 654 (exception groups)"
optional = false
python-versions = ">=3.7"
groups = ["dev"]
markers = "python_version < \"3.11\""
files = [
    {file = "exceptiongroup-1.2.2-py3-none-any.whl", hash = "sha256:3111b9d131c238bec2f8f516e123e14ba243563fb135d3fe885990585aa7795b"},
    {file = "exceptiongroup-1.2.2.tar.gz", hash = "sha256:47c2edf7c6738fafb49fd34290706d1a1a2f4d1c6df275526b62cbb4aa5393cc"},
]

[package.extras]
test = ["pytest (>=6)"]

[[package]]
name = "iniconfig"
version = "2.0.0"
description = "brain-dead simple config-ini parsing"
optional = false
python-versions = ">=3.7"
groups = ["dev"]
files = [
    {file = "iniconfig-2.0.0-py3-none-any.whl", hash = "sha256:b6a85871a79d2e3b22d2d1b94ac2824226a63c6b741c88f7ae975f18b6778374"},
    {file = "iniconfig-2.0.0.tar.gz", hash = "sha256:2d91e135bf72d31a410b17c16da610a82cb55f6b0477d1a902134b24a455b8b3"},
]

[[package]]
name = "packaging"
version = "24.2"
description = "Core utilities for Python packages"
optional = false
python-versions = ">=3.8"
groups = ["dev"]
files = [
    {file = "packaging-24.2-py3-none-any.whl", hash = "sha256:09abb1bccd265c01f4a3aa3f7a7db064b36514d2cba19a2f694fe6150451a759"},
    {file = "packaging-24.2.tar.gz", hash = "sha256:c228a6dc5e932d346bc5739379109d49e8853dd8223571c7c5b55260edc0b97f"},
]

[[package]]
name = "pluggy"
version = "1.5.0"
description = "plugin and hook calling mechanisms for python"
optional = false
python-versions = ">=3.8"
groups = ["dev"]
files = [
    {file = "pluggy-1.5.0-py3-none-any.whl", hash = "sha256:44e1ad92c8ca002de6377e165f3e0f1be63266ab4d554740532335b9d75ea669"},
    {file = "pluggy-1.5.0.tar.gz", hash = "sha256:2cffa88e94fdc978c4c574f15f9e59b7f4201d439195c3715ca9e2486f1d0cf1"},
]

[package.extras]
dev = ["pre-commit", "tox"]
testing = ["pytest", "pytest-benchmark"]

[[package]]
name = "pygments"
version = "2.19.2"
description = "Pygments is a syntax highlighting package written in Python."
optional = false
python-versions = ">=3.8"
groups = ["dev"]
files = [
    {file = "pygments-2.19.2-py3-none-any.whl", hash = "sha256:86540386c03d588bb81d44bc3928634ff26449851e99741617ecb9037ee5ec0b"},
    {file = "pygments-2.19.2.tar.gz", hash = "sha256:636cb2477cec7f8952536970bc533bc43743542f70392ae026374600add5b887"},
]

[package.extras]
windows-terminal = ["colorama (>=0.4.6)"]

[[package]]
name = "pytest"
version = "8.4.2"
description = "pytest: simple powerful testing with Python"
optional = false
python-versions = ">=3.9"
groups = ["dev"]
files = [
    {file = "pytest-8.4.2-py3-none-any.whl", hash = "sha256:872f880de3fc3a5bdc88a11b39c9710c3497a547cfa9320bc3c5e62fbf272e79"},
    {file = "pytest-8.4.2.tar.gz", hash = "sha256:86c0d0b93306b961d58d62a4db4879f27fe25513d4b969df351abdddb3c30e01"},
]

[package.dependencies]
colorama = {version = ">=0.4", markers = "sys_platform == \"win32\""}
exceptiongroup = {version = ">=1", markers = "python_version < \"3.11\""}
iniconfig = ">=1"
packaging = ">=20"
pluggy = ">=1.5,<2"
pygments = ">=2.7.2"
tomli = {version = ">=1", markers = "python_version < \"3.11\""}

[package.extras]
dev = ["argcomplete", "attrs (>=19.2)", "hypothesis (>=3.56)", "mock", "requests", "setuptools", "xmlschema"]

[[package]]
name = "pytest-cov"
version = "7.0.0"
description = "Pytest plugin for measuring coverage."
optional = false
python-versions = ">=3.9"
groups = ["dev"]
files = [
    {file = "pytest_cov-7.0.0-py3-none-any.whl", hash = "sha256:3b8e9558b16cc1479da72058bdecf8073661c7f57f7d3c5f22a1c23507f2d861"},
    {file = "pytest_cov-7.0.0.tar.gz", hash = "sha256:33c97eda2e049a0c5298e91f519302a1334c26ac65c1a483d6206fd458361af1"},
]

[package.dependencies]
coverage = {version = ">=7.10.6", extras = ["toml"]}
pluggy = ">=1.2"
pytest = ">=7"

[package.extras]
testing = ["process-tests", "pytest-xdist", "virtualenv"]

[[package]]
name = "tomli"
version = "2.2.1"
description = "A lil' TOML parser"
optional = false
python-versions = ">=3.8"
groups = ["dev"]
markers = "python_full_version <= \"3.11.0a6\""
files = [
    {file = "tomli-2.2.1-cp311-cp311-macosx_10_9_x86_64.whl", hash = "sha256:678e4fa69e4575eb77d103de3df8a895e1591b48e740211bd1067378c69e8249"},
    {file = "tomli-2.2.1-cp311-cp311-macosx_11_0_arm64.whl", hash = "sha256:023aa114dd824ade0100497eb2318602af309e5a55595f76b626d6d9f3b7b0a6"},
    {file = "tomli-2.2.1-cp311-cp311-manylinux_2_17_aarch64.manylinux2014_aarch64.whl", hash = "sha256:ece47d672db52ac607a3d9599a9d48dcb2f2f735c6c2d1f34130085bb12b112a"},
    {file = "tomli-2.2.1-cp311-cp311-manylinux_2_17_x86_64.manylinux2014_x86_64.whl", hash = "sha256:6972ca9c9cc9f0acaa56a8ca1ff51e7af152a9f87fb64623e31d5c83700080ee"},
    {file = "tomli-2.2.1-cp311-cp311-manylinux_2_5_i686.manylinux1_i686.manylinux_2_17_i686.manylinux2014_i686.whl", hash = "sha256:c954d2250168d28797dd4e3ac5cf812a406cd5a92674ee4c8f123c889786aa8e"},
    {file = "tomli-2.2.1-cp311-cp311-musllinux_1_2_aarch64.whl", hash = "sha256:8dd28b3e155b80f4d54beb40a441d366adcfe740969820caf156c019fb5c7ec4"},
    {file = "tomli-2.2.1-cp311-cp311-musllinux_1_2_i686.whl", hash = "sha256:e59e304978767a54663af13c07b3d1af22ddee3bb2fb0618ca1593e4f593a106"},
    {file = "tomli-2.2.1-cp311-cp311-musllinux_1_2_x86_64.whl", hash = "sha256:33580bccab0338d00994d7f16f4c4ec25b776af3ffaac1ed74e0b3fc95e885a8"},
    {file = "tomli-2.2.1-cp311-cp311-win32.whl", hash = "sha256:465af0e0875402f1d226519c9904f37254b3045fc5084697cefb9bdde1ff99ff"},
    {file = "tomli-2.2.1-cp311-cp311-win_amd64.whl", hash = "sha256:2d0f2fdd22b02c6d81637a3c95f8cd77f995846af7414c5c4b8d0545afa1bc4b"},
    {file = "tomli-2.2.1-cp312-cp312-macosx_10_13_x86_64.whl", hash = "sha256:4a8f6e44de52d5e6c657c9fe83b562f5f4256d8ebbfe4ff922c495620a7f6cea"},
    {file = "tomli-2.2.1-cp312-cp312-macosx_11_0_arm64.whl", hash = "sha256:8d57ca8095a641b8237d5b079147646153d22552f1c637fd3ba7f4b0b29167a8"},
    {file = "tomli-2.2.1-cp312-cp312-manylinux_2_17_aarch64.manylinux2014_aarch64.whl", hash = "sha256:4e340144ad7ae1533cb897d406382b4b6fede8890a03738ff1683af800d54192"},
    {file = "tomli-2.2.1-cp312-cp312-manylinux_2_17_x86_64.manylinux2014_x86_64.whl", hash = "sha256:db2b95f9de79181805df90bedc5a5ab4c165e6ec3fe99f970d0e302f384ad222"},
    {file = "tomli-2.2.1-cp312-cp312-manylinux_2_5_i686.manylinux1_i686.manylinux_2_17_i686.manylinux2014_i686.whl", hash = "sha256:40741994320b232529c802f8bc86da4e1aa9f413db394617b9a256ae0f9a7f77"},
    {file = "tomli-2.2.1-cp312-cp312-musllinux_1_2_aarch64.whl", hash = "sha256:400e720fe168c0f8521520190686ef8ef033fb19fc493da09779e592861b78c6"},
    {file = "tomli-2.2.1-cp312-cp312-musllinux_1_2_i686.whl", hash = "sha256:02abe224de6ae62c19f090f68da4e27b10af2b93213d36cf44e6e1c5abd19fdd"},
    {file = "tomli-2.2.1-cp312-cp312-musllinux_1_2_x86_64.whl", hash = "sha256:b82ebccc8c8a36f2094e969560a1b836758481f3dc360ce9a3277c65f374285e"},
    {file = "tomli-2.2.1-cp312-cp312-win32.whl", hash = "sha256:889f80ef92701b9dbb224e49ec87c645ce5df3fa2cc548664eb8a25e03127a98"},
    {file = "tomli-2.2.1-cp312-cp312-win_amd64.whl", hash = "sha256:7fc04e92e1d624a4a63c76474610238576942d6b8950a2d7f908a340494e67e4"},
    {file = "tomli-2.2.1-cp313-cp313-macosx_10_13_x86_64.whl", hash = "sha256:f4039b9cbc3048b2416cc57ab3bda989a6fcf9b36cf8937f01a6e731b64f80d7"},
    {file = "tomli-2.2.1-cp313-cp313-macosx_11_0_arm64.whl", hash = "sha256:286f0ca2ffeeb5b9bd4fcc8d6c330534323ec51b2f52da063b11c502da16f30c"},
    {file = "tomli-2.2.1-cp313-cp313-manylinux_2_17_aarch64.manylinux2014_aarch64.whl", hash = "sha256:a92ef1a44547e894e2a17d24e7557a5e85a9e1d0048b0b5e7541f76c5032cb13"},
    {file = "tomli-2.2.1-cp313-cp313-manylinux_2_17_x86_64.manylinux2014_x86_64.whl", hash = "sha256:9316dc65bed1684c9a98ee68759ceaed29d229e985297003e494aa825ebb0281"},
    {file = "tomli-2.2.1-cp313-cp313-manylinux_2_5_i686.manylinux1_i686.manylinux_2_17_i686.manylinux2014_i686.whl", hash = "sha256:e85e99945e688e32d5a35c1ff38ed0b3f41f43fad8df0bdf79f72b2ba7bc5272"},
    {file = "tomli-2.2.1-cp313-cp313-musllinux_1_2_aarch64.whl", hash = "sha256:ac065718db92ca818f8d6141b5f66369833d4a80a9d74435a268c52bdfa73140"},
    {file = "tomli-2.2.1-cp313-cp313-musllinux_1_2_i686.whl", hash = "sha256:d920f33822747519673ee656a4b6ac33e382eca9d331c87770faa3eef562aeb2"},
    {file = "tomli-2.2.1-cp313-cp313-musllinux_1_2_x86_64.whl", hash = "sha256:a198f10c4d1b1375d7687bc25294306e551bf1abfa4eace6650070a5c1ae2744"},
    {file = "tomli-2.2.1-cp313-cp313-win32.whl", hash = "sha256:d3f5614314d758649ab2ab3a62d4f2004c825922f9e370b29416484086b264ec"},
    {file = "tomli-2.2.1-cp313-cp313-win_amd64.whl", hash = "sha256:a38aa0308e754b0e3c67e344754dff64999ff9b513e691d0e786265c93583c69"},
    {file = "tomli-2.2.1-py3-none-any.whl", hash = "sha256:cb55c73c5f4408779d0cf3eef9f762b9c9f147a77de7b258bef0a5628adc85cc"},
    {file = "tomli-2.2.1.tar.gz", hash = "sha256:cd45e1dc79c835ce60f7404ec8119f2eb06d38b1deba146f07ced3bbc44505ff"},
]

[metadata]
lock-version = "2.1"
python-versions = "^3.9"
content-hash = "68de1a123cb51d0b99b06457e358dcb715dd72e0dae85b8117442f7e89949b79"
